Microsoft Visual Studio Solution File, Format Version 12.00
# Visual Studio Version 17
VisualStudioVersion = 17.5.2.0
MinimumVisualStudioVersion = 10.0.40219.1
Project("{FAE04EC0-301F-11D3-BF4B-00C04F79EFBC}") = "RenderMaster - Backup", "RenderMaster - Backup.csproj", "{62542EC8-A7F2-0882-C7AE-D98E8883FE06}"
EndProject
Project("{FAE04EC0-301F-11D3-BF4B-00C04F79EFBC}") = "RenderMaster", "RenderMaster.csproj", "{C1B5949C-CB16-6840-E6D0-F002C16B46FF}"
EndProject
Global
	GlobalSection(SolutionConfigurationPlatforms) = preSolution
		Debug|Any CPU = Debug|Any CPU
		Release|Any CPU = Release|Any CPU
	EndGlobalSection
	GlobalSection(ProjectConfigurationPlatforms) = postSolution
		{62542EC8-A7F2-0882-C7AE-D98E8883FE06}.Debug|Any CPU.ActiveCfg = Debug|Any CPU
		{62542EC8-A7F2-0882-C7AE-D98E8883FE06}.Debug|Any CPU.Build.0 = Debug|Any CPU
		{62542EC8-A7F2-0882-C7AE-D98E8883FE06}.Release|Any CPU.ActiveCfg = Release|Any CPU
		{62542EC8-A7F2-0882-C7AE-D98E8883FE06}.Release|Any CPU.Build.0 = Release|Any CPU
		{C1B5949C-CB16-6840-E6D0-F002C16B46FF}.Debug|Any CPU.ActiveCfg = Debug|Any CPU
		{C1B5949C-CB16-6840-E6D0-F002C16B46FF}.Debug|Any CPU.Build.0 = Debug|Any CPU
		{C1B5949C-CB16-6840-E6D0-F002C16B46FF}.Release|Any CPU.ActiveCfg = Release|Any CPU
		{C1B5949C-CB16-6840-E6D0-F002C16B46FF}.Release|Any CPU.Build.0 = Release|Any CPU
	EndGlobalSection
	GlobalSection(SolutionProperties) = preSolution
		HideSolutionNode = FALSE
	EndGlobalSection
	GlobalSection(ExtensibilityGlobals) = postSolution
		SolutionGuid = {181E9244-C013-4956-AF54-0BCB043E09DA}
	EndGlobalSection
EndGlobal
